
Microsoft Visual Studio Solution File, Format Version 12.00
# Visual Studio Version 17
VisualStudioVersion = 17.6.33801.468
MinimumVisualStudioVersion = 10.0.40219.1
Project("{2150E333-8FDC-42A3-9474-1A3956D46DE8}") = "N1-Data-Types", "N1-Data-Types", "{6A89C79D-B525-453A-BE04-48D4F9F91F4E}"
EndProject
Project("{9A19103F-16F7-4668-BE54-9A1E7A4F7556}") = "N1-Reception", "N1-Reception\N1-Reception.csproj", "{D8F3DE51-A5B7-487E-B6D6-03CA3A5A6E23}"
EndProject
Project("{2150E333-8FDC-42A3-9474-1A3956D46DE8}") = "HomeTask", "HomeTask", "{F30D701D-1758-4473-B173-B82EC42E8269}"
EndProject
Project("{9A19103F-16F7-4668-BE54-9A1E7A4F7556}") = "N2-Correct-Data-Types", "N2-Correct-Data-Types\N2-Correct-Data-Types.csproj", "{0E9AA901-AB59-4317-928C-ABE71E80DABF}"
EndProject
Project("{9A19103F-16F7-4668-BE54-9A1E7A4F7556}") = "N3-Delivery-Trakcer", "N3-Delivery-Trakcer\N3-Delivery-Trakcer.csproj", "{C39C9B60-0103-43DC-AE83-32DD6A8D8C93}"
EndProject
Project("{9A19103F-16F7-4668-BE54-9A1E7A4F7556}") = "N4-Hotel", "N4-Hotel\N4-Hotel.csproj", "{B4D73FF8-D997-4D51-BFE9-5F464327BBD4}"
EndProject
Project("{9A19103F-16F7-4668-BE54-9A1E7A4F7556}") = "N5-Types", "N5-Types\N5-Types.csproj", "{66DA3D13-D5CB-4F46-AF4E-6633C42DEFAD}"
EndProject
Project("{2150E333-8FDC-42A3-9474-1A3956D46DE8}") = "N2-String-Operations", "N2-String-Operations", "{50050A18-D918-40CC-81C4-082BBC34B5C0}"
EndProject
Project("{2150E333-8FDC-42A3-9474-1A3956D46DE8}") = "HomeTask-N2", "HomeTask-N2", "{D5EB3DAA-5E49-4426-90D2-CBD3C0B4ACBB}"
EndProject
Project("{9A19103F-16F7-4668-BE54-9A1E7A4F7556}") = "N6-Concatenation", "N6-Concatenation\N6-Concatenation.csproj", "{A65F6218-D1C1-4F7C-9507-9D810EE6C526}"
EndProject
Project("{9A19103F-16F7-4668-BE54-9A1E7A4F7556}") = "N7-Escape-Characters", "N7-Escape-Characters\N7-Escape-Characters.csproj", "{1381D557-2BA6-48B2-A929-9B6532E19472}"
EndProject
Project("{2150E333-8FDC-42A3-9474-1A3956D46DE8}") = "Assistant DataTypes", "Assistant DataTypes", "{23E4EBFB-7338-4BA3-B68C-B59E7739D850}"
EndProject
Project("{9A19103F-16F7-4668-BE54-9A1E7A4F7556}") = "N8-Interpolation-Formatting", "N8-Interpolation-Formatting\N8-Interpolation-Formatting.csproj", "{81503CDE-7135-4D64-892E-C7AEB802CE84}"
EndProject
Project("{9A19103F-16F7-4668-BE54-9A1E7A4F7556}") = "N9-Verbatim-String", "N9-Verbatim-String\N9-Verbatim-String.csproj", "{C8237594-F37D-48A7-BDC1-5F2BDE7F2EFB}"
EndProject
Project("{9A19103F-16F7-4668-BE54-9A1E7A4F7556}") = "N10-Length-Substring", "N10-Length-Substring\N10-Length-Substring.csproj", "{EA89C34E-6A17-45B1-9B05-182BB09B9776}"
EndProject
Project("{2150E333-8FDC-42A3-9474-1A3956D46DE8}") = "Assistant StringOperators", "Assistant StringOperators", "{047F2A68-FC43-41AB-9D43-16D139A4DBD2}"
EndProject
Project("{9A19103F-16F7-4668-BE54-9A1E7A4F7556}") = "Assistant DataTypes", "Assistant DataTypes\Assistant DataTypes.csproj", "{E21E263C-D38E-4416-8F17-3EA1A51B3A5C}"
EndProject
Project("{9A19103F-16F7-4668-BE54-9A1E7A4F7556}") = "Assistant StringOperators", "Assistant StringOperators\Assistant StringOperators.csproj", "{9BA6FF89-0780-4B77-917B-72FEC0C35BD4}"
EndProject
Project("{2150E333-8FDC-42A3-9474-1A3956D46DE8}") = "HomeTask-N3", "HomeTask-N3", "{569A0F18-43D4-405F-958F-C88F045E6ADB}"
EndProject
Project("{9A19103F-16F7-4668-BE54-9A1E7A4F7556}") = "N17-Cases", "N17-Cases\N17-Cases.csproj", "{2A1BFF8D-0237-4E38-864E-9B3DF8307988}"
EndProject
Project("{9A19103F-16F7-4668-BE54-9A1E7A4F7556}") = "N18-Comparision", "N18-Comparision\N18-Comparision.csproj", "{0E974726-B1AA-45D0-942F-88FE309D1FC3}"
EndProject
Project("{9A19103F-16F7-4668-BE54-9A1E7A4F7556}") = "N20-Trim-Padding", "N20-Trim-Padding\N20-Trim-Padding.csproj", "{6794A3AA-A50B-49F1-8876-36B2B8EF6601}"
EndProject
Project("{2150E333-8FDC-42A3-9474-1A3956D46DE8}") = "Branching", "Branching", "{339BBD3C-22B6-4614-BC17-F16F59C7D7A4}"
EndProject
Project("{2150E333-8FDC-42A3-9474-1A3956D46DE8}") = "HomeTask-N4", "HomeTask-N4", "{6AD2AC17-1943-4385-BFDE-8D4078A3A170}"
EndProject
Project("{9A19103F-16F7-4668-BE54-9A1E7A4F7556}") = "N21-Flow-Control", "N21-Flow-Control\N21-Flow-Control.csproj", "{EFDA3974-ED2D-4EE3-8E67-86A28C2FA6F3}"
EndProject
Project("{9A19103F-16F7-4668-BE54-9A1E7A4F7556}") = "N22-Branching-if-else", "N22-Branching-if-else\N22-Branching-if-else.csproj", "{4A6A3994-7B19-4AB9-BABA-67DC1D3A3EB5}"
EndProject
Project("{9A19103F-16F7-4668-BE54-9A1E7A4F7556}") = "N23-Branchik-Else-If", "N23-Branchik-Else-If\N23-Branchik-Else-If.csproj", "{61A68546-ACFB-4DFF-98E1-EE60CA0D4399}"
EndProject
Project("{FAE04EC0-301F-11D3-BF4B-00C04F79EFBC}") = "N24-Branching-Switch", "N24-Branching-Switch\N24-Branching-Switch.csproj", "{36E7E023-5341-4B55-B732-D571C465EA82}"
EndProject
Project("{FAE04EC0-301F-11D3-BF4B-00C04F79EFBC}") = "N25-Branching-Switch-Expression", "N25-Branching-Switch-Expression\N25-Branching-Switch-Expression.csproj", "{C5E12F05-BD95-4D8E-99A0-19150268D3D4}"
EndProject
Global
	GlobalSection(SolutionConfigurationPlatforms) = preSolution
		Debug|Any CPU = Debug|Any CPU
		Release|Any CPU = Release|Any CPU
	EndGlobalSection
	GlobalSection(ProjectConfigurationPlatforms) = postSolution
		{D8F3DE51-A5B7-487E-B6D6-03CA3A5A6E23}.Debug|Any CPU.ActiveCfg = Debug|Any CPU
		{D8F3DE51-A5B7-487E-B6D6-03CA3A5A6E23}.Debug|Any CPU.Build.0 = Debug|Any CPU
		{D8F3DE51-A5B7-487E-B6D6-03CA3A5A6E23}.Release|Any CPU.ActiveCfg = Release|Any CPU
		{D8F3DE51-A5B7-487E-B6D6-03CA3A5A6E23}.Release|Any CPU.Build.0 = Release|Any CPU
		{0E9AA901-AB59-4317-928C-ABE71E80DABF}.Debug|Any CPU.ActiveCfg = Debug|Any CPU
		{0E9AA901-AB59-4317-928C-ABE71E80DABF}.Debug|Any CPU.Build.0 = Debug|Any CPU
		{0E9AA901-AB59-4317-928C-ABE71E80DABF}.Release|Any CPU.ActiveCfg = Release|Any CPU
		{0E9AA901-AB59-4317-928C-ABE71E80DABF}.Release|Any CPU.Build.0 = Release|Any CPU
		{C39C9B60-0103-43DC-AE83-32DD6A8D8C93}.Debug|Any CPU.ActiveCfg = Debug|Any CPU
		{C39C9B60-0103-43DC-AE83-32DD6A8D8C93}.Debug|Any CPU.Build.0 = Debug|Any CPU
		{C39C9B60-0103-43DC-AE83-32DD6A8D8C93}.Release|Any CPU.ActiveCfg = Release|Any CPU
		{C39C9B60-0103-43DC-AE83-32DD6A8D8C93}.Release|Any CPU.Build.0 = Release|Any CPU
		{B4D73FF8-D997-4D51-BFE9-5F464327BBD4}.Debug|Any CPU.ActiveCfg = Debug|Any CPU
		{B4D73FF8-D997-4D51-BFE9-5F464327BBD4}.Debug|Any CPU.Build.0 = Debug|Any CPU
		{B4D73FF8-D997-4D51-BFE9-5F464327BBD4}.Release|Any CPU.ActiveCfg = Release|Any CPU
		{B4D73FF8-D997-4D51-BFE9-5F464327BBD4}.Release|Any CPU.Build.0 = Release|Any CPU
		{66DA3D13-D5CB-4F46-AF4E-6633C42DEFAD}.Debug|Any CPU.ActiveCfg = Debug|Any CPU
		{66DA3D13-D5CB-4F46-AF4E-6633C42DEFAD}.Debug|Any CPU.Build.0 = Debug|Any CPU
		{66DA3D13-D5CB-4F46-AF4E-6633C42DEFAD}.Release|Any CPU.ActiveCfg = Release|Any CPU
		{66DA3D13-D5CB-4F46-AF4E-6633C42DEFAD}.Release|Any CPU.Build.0 = Release|Any CPU
		{A65F6218-D1C1-4F7C-9507-9D810EE6C526}.Debug|Any CPU.ActiveCfg = Debug|Any CPU
		{A65F6218-D1C1-4F7C-9507-9D810EE6C526}.Debug|Any CPU.Build.0 = Debug|Any CPU
		{A65F6218-D1C1-4F7C-9507-9D810EE6C526}.Release|Any CPU.ActiveCfg = Release|Any CPU
		{A65F6218-D1C1-4F7C-9507-9D810EE6C526}.Release|Any CPU.Build.0 = Release|Any CPU
		{1381D557-2BA6-48B2-A929-9B6532E19472}.Debug|Any CPU.ActiveCfg = Debug|Any CPU
		{1381D557-2BA6-48B2-A929-9B6532E19472}.Debug|Any CPU.Build.0 = Debug|Any CPU
		{1381D557-2BA6-48B2-A929-9B6532E19472}.Release|Any CPU.ActiveCfg = Release|Any CPU
		{1381D557-2BA6-48B2-A929-9B6532E19472}.Release|Any CPU.Build.0 = Release|Any CPU
		{81503CDE-7135-4D64-892E-C7AEB802CE84}.Debug|Any CPU.ActiveCfg = Debug|Any CPU
		{81503CDE-7135-4D64-892E-C7AEB802CE84}.Debug|Any CPU.Build.0 = Debug|Any CPU
		{81503CDE-7135-4D64-892E-C7AEB802CE84}.Release|Any CPU.ActiveCfg = Release|Any CPU
		{81503CDE-7135-4D64-892E-C7AEB802CE84}.Release|Any CPU.Build.0 = Release|Any CPU
		{C8237594-F37D-48A7-BDC1-5F2BDE7F2EFB}.Debug|Any CPU.ActiveCfg = Debug|Any CPU
		{C8237594-F37D-48A7-BDC1-5F2BDE7F2EFB}.Debug|Any CPU.Build.0 = Debug|Any CPU
		{C8237594-F37D-48A7-BDC1-5F2BDE7F2EFB}.Release|Any CPU.ActiveCfg = Release|Any CPU
		{C8237594-F37D-48A7-BDC1-5F2BDE7F2EFB}.Release|Any CPU.Build.0 = Release|Any CPU
		{EA89C34E-6A17-45B1-9B05-182BB09B9776}.Debug|Any CPU.ActiveCfg = Debug|Any CPU
		{EA89C34E-6A17-45B1-9B05-182BB09B9776}.Debug|Any CPU.Build.0 = Debug|Any CPU
		{EA89C34E-6A17-45B1-9B05-182BB09B9776}.Release|Any CPU.ActiveCfg = Release|Any CPU
		{EA89C34E-6A17-45B1-9B05-182BB09B9776}.Release|Any CPU.Build.0 = Release|Any CPU
		{E21E263C-D38E-4416-8F17-3EA1A51B3A5C}.Debug|Any CPU.ActiveCfg = Debug|Any CPU
		{E21E263C-D38E-4416-8F17-3EA1A51B3A5C}.Debug|Any CPU.Build.0 = Debug|Any CPU
		{E21E263C-D38E-4416-8F17-3EA1A51B3A5C}.Release|Any CPU.ActiveCfg = Release|Any CPU
		{E21E263C-D38E-4416-8F17-3EA1A51B3A5C}.Release|Any CPU.Build.0 = Release|Any CPU
		{9BA6FF89-0780-4B77-917B-72FEC0C35BD4}.Debug|Any CPU.ActiveCfg = Debug|Any CPU
		{9BA6FF89-0780-4B77-917B-72FEC0C35BD4}.Debug|Any CPU.Build.0 = Debug|Any CPU
		{9BA6FF89-0780-4B77-917B-72FEC0C35BD4}.Release|Any CPU.ActiveCfg = Release|Any CPU
		{9BA6FF89-0780-4B77-917B-72FEC0C35BD4}.Release|Any CPU.Build.0 = Release|Any CPU
		{2A1BFF8D-0237-4E38-864E-9B3DF8307988}.Debug|Any CPU.ActiveCfg = Debug|Any CPU
		{2A1BFF8D-0237-4E38-864E-9B3DF8307988}.Debug|Any CPU.Build.0 = Debug|Any CPU
		{2A1BFF8D-0237-4E38-864E-9B3DF8307988}.Release|Any CPU.ActiveCfg = Release|Any CPU
		{2A1BFF8D-0237-4E38-864E-9B3DF8307988}.Release|Any CPU.Build.0 = Release|Any CPU
		{0E974726-B1AA-45D0-942F-88FE309D1FC3}.Debug|Any CPU.ActiveCfg = Debug|Any CPU
		{0E974726-B1AA-45D0-942F-88FE309D1FC3}.Debug|Any CPU.Build.0 = Debug|Any CPU
		{0E974726-B1AA-45D0-942F-88FE309D1FC3}.Release|Any CPU.ActiveCfg = Release|Any CPU
		{0E974726-B1AA-45D0-942F-88FE309D1FC3}.Release|Any CPU.Build.0 = Release|Any CPU
		{6794A3AA-A50B-49F1-8876-36B2B8EF6601}.Debug|Any CPU.ActiveCfg = Debug|Any CPU
		{6794A3AA-A50B-49F1-8876-36B2B8EF6601}.Debug|Any CPU.Build.0 = Debug|Any CPU
		{6794A3AA-A50B-49F1-8876-36B2B8EF6601}.Release|Any CPU.ActiveCfg = Release|Any CPU
		{6794A3AA-A50B-49F1-8876-36B2B8EF6601}.Release|Any CPU.Build.0 = Release|Any CPU
		{EFDA3974-ED2D-4EE3-8E67-86A28C2FA6F3}.Debug|Any CPU.ActiveCfg = Debug|Any CPU
		{EFDA3974-ED2D-4EE3-8E67-86A28C2FA6F3}.Debug|Any CPU.Build.0 = Debug|Any CPU
		{EFDA3974-ED2D-4EE3-8E67-86A28C2FA6F3}.Release|Any CPU.ActiveCfg = Release|Any CPU
		{EFDA3974-ED2D-4EE3-8E67-86A28C2FA6F3}.Release|Any CPU.Build.0 = Release|Any CPU
		{4A6A3994-7B19-4AB9-BABA-67DC1D3A3EB5}.Debug|Any CPU.ActiveCfg = Debug|Any CPU
		{4A6A3994-7B19-4AB9-BABA-67DC1D3A3EB5}.Debug|Any CPU.Build.0 = Debug|Any CPU
		{4A6A3994-7B19-4AB9-BABA-67DC1D3A3EB5}.Release|Any CPU.ActiveCfg = Release|Any CPU
		{4A6A3994-7B19-4AB9-BABA-67DC1D3A3EB5}.Release|Any CPU.Build.0 = Release|Any CPU
		{61A68546-ACFB-4DFF-98E1-EE60CA0D4399}.Debug|Any CPU.ActiveCfg = Debug|Any CPU
		{61A68546-ACFB-4DFF-98E1-EE60CA0D4399}.Debug|Any CPU.Build.0 = Debug|Any CPU
		{61A68546-ACFB-4DFF-98E1-EE60CA0D4399}.Release|Any CPU.ActiveCfg = Release|Any CPU
		{61A68546-ACFB-4DFF-98E1-EE60CA0D4399}.Release|Any CPU.Build.0 = Release|Any CPU
		{36E7E023-5341-4B55-B732-D571C465EA82}.Debug|Any CPU.ActiveCfg = Debug|Any CPU
		{36E7E023-5341-4B55-B732-D571C465EA82}.Debug|Any CPU.Build.0 = Debug|Any CPU
		{36E7E023-5341-4B55-B732-D571C465EA82}.Release|Any CPU.ActiveCfg = Release|Any CPU
		{36E7E023-5341-4B55-B732-D571C465EA82}.Release|Any CPU.Build.0 = Release|Any CPU
		{C5E12F05-BD95-4D8E-99A0-19150268D3D4}.Debug|Any CPU.ActiveCfg = Debug|Any CPU
		{C5E12F05-BD95-4D8E-99A0-19150268D3D4}.Debug|Any CPU.Build.0 = Debug|Any CPU
		{C5E12F05-BD95-4D8E-99A0-19150268D3D4}.Release|Any CPU.ActiveCfg = Release|Any CPU
		{C5E12F05-BD95-4D8E-99A0-19150268D3D4}.Release|Any CPU.Build.0 = Release|Any CPU
	EndGlobalSection
	GlobalSection(SolutionProperties) = preSolution
		HideSolutionNode = FALSE
	EndGlobalSection
	GlobalSection(NestedProjects) = preSolution
		{D8F3DE51-A5B7-487E-B6D6-03CA3A5A6E23} = {F30D701D-1758-4473-B173-B82EC42E8269}
		{F30D701D-1758-4473-B173-B82EC42E8269} = {6A89C79D-B525-453A-BE04-48D4F9F91F4E}
		{0E9AA901-AB59-4317-928C-ABE71E80DABF} = {F30D701D-1758-4473-B173-B82EC42E8269}
		{C39C9B60-0103-43DC-AE83-32DD6A8D8C93} = {F30D701D-1758-4473-B173-B82EC42E8269}
		{B4D73FF8-D997-4D51-BFE9-5F464327BBD4} = {F30D701D-1758-4473-B173-B82EC42E8269}
		{66DA3D13-D5CB-4F46-AF4E-6633C42DEFAD} = {F30D701D-1758-4473-B173-B82EC42E8269}
		{D5EB3DAA-5E49-4426-90D2-CBD3C0B4ACBB} = {50050A18-D918-40CC-81C4-082BBC34B5C0}
		{A65F6218-D1C1-4F7C-9507-9D810EE6C526} = {D5EB3DAA-5E49-4426-90D2-CBD3C0B4ACBB}
		{1381D557-2BA6-48B2-A929-9B6532E19472} = {D5EB3DAA-5E49-4426-90D2-CBD3C0B4ACBB}
		{23E4EBFB-7338-4BA3-B68C-B59E7739D850} = {6A89C79D-B525-453A-BE04-48D4F9F91F4E}
		{81503CDE-7135-4D64-892E-C7AEB802CE84} = {D5EB3DAA-5E49-4426-90D2-CBD3C0B4ACBB}
		{C8237594-F37D-48A7-BDC1-5F2BDE7F2EFB} = {D5EB3DAA-5E49-4426-90D2-CBD3C0B4ACBB}
		{EA89C34E-6A17-45B1-9B05-182BB09B9776} = {D5EB3DAA-5E49-4426-90D2-CBD3C0B4ACBB}
		{047F2A68-FC43-41AB-9D43-16D139A4DBD2} = {6A89C79D-B525-453A-BE04-48D4F9F91F4E}
		{E21E263C-D38E-4416-8F17-3EA1A51B3A5C} = {23E4EBFB-7338-4BA3-B68C-B59E7739D850}
		{9BA6FF89-0780-4B77-917B-72FEC0C35BD4} = {047F2A68-FC43-41AB-9D43-16D139A4DBD2}
		{569A0F18-43D4-405F-958F-C88F045E6ADB} = {50050A18-D918-40CC-81C4-082BBC34B5C0}
		{2A1BFF8D-0237-4E38-864E-9B3DF8307988} = {569A0F18-43D4-405F-958F-C88F045E6ADB}
		{0E974726-B1AA-45D0-942F-88FE309D1FC3} = {569A0F18-43D4-405F-958F-C88F045E6ADB}
		{6794A3AA-A50B-49F1-8876-36B2B8EF6601} = {569A0F18-43D4-405F-958F-C88F045E6ADB}
		{339BBD3C-22B6-4614-BC17-F16F59C7D7A4} = {6A89C79D-B525-453A-BE04-48D4F9F91F4E}
		{6AD2AC17-1943-4385-BFDE-8D4078A3A170} = {339BBD3C-22B6-4614-BC17-F16F59C7D7A4}
		{EFDA3974-ED2D-4EE3-8E67-86A28C2FA6F3} = {6AD2AC17-1943-4385-BFDE-8D4078A3A170}
		{4A6A3994-7B19-4AB9-BABA-67DC1D3A3EB5} = {6AD2AC17-1943-4385-BFDE-8D4078A3A170}
		{61A68546-ACFB-4DFF-98E1-EE60CA0D4399} = {6AD2AC17-1943-4385-BFDE-8D4078A3A170}
		{36E7E023-5341-4B55-B732-D571C465EA82} = {6AD2AC17-1943-4385-BFDE-8D4078A3A170}
		{C5E12F05-BD95-4D8E-99A0-19150268D3D4} = {6AD2AC17-1943-4385-BFDE-8D4078A3A170}
	EndGlobalSection
	GlobalSection(ExtensibilityGlobals) = postSolution
		SolutionGuid = {0DDC1B7C-5816-4CE7-9841-535ABB983A67}
	EndGlobalSection
EndGlobal
